<?xml version="1.0" encoding="utf-8"?>
<Project ToolsVersion="4.0" xmlns="http://schemas.microsoft.com/developer/msbuild/2003">
  <ItemGroup>
    <Filter Include="Source Files">
      <UniqueIdentifier>{4FC737F1-C7A5-4376-A066-2A32D752A2FF}</UniqueIdentifier>
      <Extensions>cpp;c;cc;cxx;def;odl;idl;hpj;bat;asm;asmx</Extensions>
    </Filter>
    <Filter Include="Header Files">
      <UniqueIdentifier>{93995380-89BD-4b04-88EB-625FBE52EBFB}</UniqueIdentifier>
      <Extensions>h;hh;hpp;hxx;hm;inl;inc;xsd</Extensions>
    </Filter>
    <Filter Include="Resource Files">
      <UniqueIdentifier>{67DA6AB6-F800-4c08-8B7A-83BB121AAD01}</UniqueIdentifier>
      <Extensions>rc;ico;cur;bmp;dlg;rc2;rct;bin;rgs;gif;jpg;jpeg;jpe;resx;tiff;tif;png;wav;mfcribbon-ms</Extensions>
    </Filter>
    <Filter Include="Header Files\ui">
      <UniqueIdentifier>{561aabf0-028e-49cf-838e-7d0fa3d208bc}</UniqueIdentifier>
    </Filter>
    <Filter Include="Source Files\ui">
      <UniqueIdentifier>{f36b7eb6-6f08-4279-b606-42858d8f2d12}</UniqueIdentifier>
    </Filter>
    <Filter Include="Header Files\app">
      <UniqueIdentifier>{c19af60a-88f1-48ce-a2c8-6ff5c784b9d0}</UniqueIdentifier>
    </Filter>
    <Filter Include="Header Files\game">
      <UniqueIdentifier>{88547b15-e718-4c20-9aba-5c5146f2b540}</UniqueIdentifier>
    </Filter>
    <Filter Include="Header Files\graphics">
      <UniqueIdentifier>{fc65164e-82b0-4b77-aaf6-fc3146853205}</UniqueIdentifier>
    </Filter>
    <Filter Include="Header Files\input">
      <UniqueIdentifier>{c654c61b-cf4d-4f00-a50a-f4dce236106d}</UniqueIdentifier>
    </Filter>
    <Filter Include="Header Files\interpreter">
      <UniqueIdentifier>{4dd1e468-1eff-447c-b7f1-0af5587e3917}</UniqueIdentifier>
    </Filter>
  </ItemGroup>
  <ItemGroup>
    <ClCompile Include="source\CSystemSpriteRenderPipeline.cpp">
      <Filter>Source Files</Filter>
    </ClCompile>
    <ClCompile Include="source\CTextRenderer.cpp">
      <Filter>Source Files</Filter>
    </ClCompile>
    <ClCompile Include="source\CTexture.cpp">
      <Filter>Source Files</Filter>
    </ClCompile>
    <ClCompile Include="source\CTimer.cpp">
      <Filter>Source Files</Filter>
    </ClCompile>
    <ClCompile Include="source\CVector2.cpp">
      <Filter>Source Files</Filter>
    </ClCompile>
    <ClCompile Include="source\CVector3.cpp">
      <Filter>Source Files</Filter>
    </ClCompile>
    <ClCompile Include="source\CVector4.cpp">
      <Filter>Source Files</Filter>
    </ClCompile>
    <ClCompile Include="source\CWindow.cpp">
      <Filter>Source Files</Filter>
    </ClCompile>
    <ClCompile Include="source\error.cpp">
      <Filter>Source Files</Filter>
    </ClCompile>
    <ClCompile Include="source\MathTransform.cpp">
      <Filter>Source Files</Filter>
    </ClCompile>
    <ClCompile Include="source\game\CComponent.cpp">
      <Filter>Source Files</Filter>
    </ClCompile>
    <ClCompile Include="source\game\CGame.cpp">
      <Filter>Source Files</Filter>
    </ClCompile>
    <ClCompile Include="source\game\CGameCamera.cpp">
      <Filter>Source Files</Filter>
    </ClCompile>
    <ClCompile Include="source\game\CGameLight.cpp">
      <Filter>Source Files</Filter>
    </ClCompile>
    <ClCompile Include="source\game\CGameObject.cpp">
      <Filter>Source Files</Filter>
    </ClCompile>
    <ClCompile Include="source\game\CGameScene.cpp">
      <Filter>Source Files</Filter>
    </ClCompile>
    <ClCompile Include="source\game\components\CComponentFactory.cpp">
      <Filter>Source Files</Filter>
    </ClCompile>
    <ClCompile Include="source\helpers\CErrorBase.cpp">
      <Filter>Source Files</Filter>
    </ClCompile>
    <ClCompile Include="source\helpers\FileHelper.cpp">
      <Filter>Source Files</Filter>
    </ClCompile>
    <ClCompile Include="source\helpers\MemoryHelper.cpp">
      <Filter>Source Files</Filter>
    </ClCompile>
    <ClCompile Include="source\helpers\StringHelper.cpp">
      <Filter>Source Files</Filter>
    </ClCompile>
    <ClCompile Include="source\input\CKeyboardInput.cpp">
      <Filter>Source Files</Filter>
    </ClCompile>
    <ClCompile Include="source\input\CMouseInput.cpp">
      <Filter>Source Files</Filter>
    </ClCompile>
    <ClCompile Include="source\input\CTouchInput.cpp">
      <Filter>Source Files</Filter>
    </ClCompile>
    <ClCompile Include="source\interpreter\CCharacter.cpp">
      <Filter>Source Files</Filter>
    </ClCompile>
    <ClCompile Include="source\interpreter\CDebugLog.cpp">
      <Filter>Source Files</Filter>
    </ClCompile>
    <ClCompile Include="source\interpreter\CToken.cpp">
      <Filter>Source Files</Filter>
    </ClCompile>
    <ClCompile Include="source\interpreter\ErrorHelper.cpp">
      <Filter>Source Files</Filter>
    </ClCompile>
    <ClCompile Include="source\interpreter\LanguageDefinitionHelper.cpp">
      <Filter>Source Files</Filter>
    </ClCompile>
    <ClCompile Include="source\interpreter\OperatorFunctions.cpp">
      <Filter>Source Files</Filter>
    </ClCompile>
    <ClCompile Include="source\interpreter\String.cpp">
      <Filter>Source Files</Filter>
    </ClCompile>
    <ClCompile Include="source\CApp.cpp">
      <Filter>Source Files</Filter>
    </ClCompile>
    <ClCompile Include="source\CCollider.cpp">
      <Filter>Source Files</Filter>
    </ClCompile>
    <ClCompile Include="source\CD3DGraphics.cpp">
      <Filter>Source Files</Filter>
    </ClCompile>
    <ClCompile Include="source\CDirectoryFileList.cpp">
      <Filter>Source Files</Filter>
    </ClCompile>
    <ClCompile Include="source\CDXMesh.cpp">
      <Filter>Source Files</Filter>
    </ClCompile>
    <ClCompile Include="source\CFileContainer.cpp">
      <Filter>Source Files</Filter>
    </ClCompile>
    <ClCompile Include="source\CFont.cpp">
      <Filter>Source Files</Filter>
    </ClCompile>
    <ClCompile Include="source\CFontFileContainer.cpp">
      <Filter>Source Files</Filter>
    </ClCompile>
    <ClCompile Include="source\CImporter.cpp">
      <Filter>Source Files</Filter>
    </ClCompile>
    <ClCompile Include="source\CImporterBase.cpp">
      <Filter>Source Files</Filter>
    </ClCompile>
    <ClCompile Include="source\CInput.cpp">
      <Filter>Source Files</Filter>
    </ClCompile>
    <ClCompile Include="source\CIO.cpp">
      <Filter>Source Files</Filter>
    </ClCompile>
    <ClCompile Include="source\CLine.cpp">
      <Filter>Source Files</Filter>
    </ClCompile>
    <ClCompile Include="source\CLog.cpp">
      <Filter>Source Files</Filter>
    </ClCompile>
    <ClCompile Include="source\CMeshData.cpp">
      <Filter>Source Files</Filter>
    </ClCompile>
    <ClCompile Include="source\CMeshImporter.cpp">
      <Filter>Source Files</Filter>
    </ClCompile>
    <ClCompile Include="source\COutput.cpp">
      <Filter>Source Files</Filter>
    </ClCompile>
    <ClCompile Include="source\CResourceBank.cpp">
      <Filter>Source Files</Filter>
    </ClCompile>
    <ClCompile Include="source\CScriptCOMObject.cpp">
      <Filter>Source Files</Filter>
    </ClCompile>
    <ClCompile Include="source\CScriptCOMRegistry.cpp">
      <Filter>Source Files</Filter>
    </ClCompile>
    <ClCompile Include="source\CShaderNEW.cpp">
      <Filter>Source Files</Filter>
    </ClCompile>
    <ClCompile Include="source\CSprite.cpp">
      <Filter>Source Files</Filter>
    </ClCompile>
    <ClCompile Include="source\CStringIDList.cpp">
      <Filter>Source Files</Filter>
    </ClCompile>
    <ClCompile Include="source\CSurface.cpp">
      <Filter>Source Files</Filter>
    </ClCompile>
    <ClCompile Include="source\ui\CUICheckBox.cpp">
      <Filter>Source Files\ui</Filter>
    </ClCompile>
    <ClCompile Include="source\ui\CUIContainer.cpp">
      <Filter>Source Files\ui</Filter>
    </ClCompile>
    <ClCompile Include="source\ui\CUIControl.cpp">
      <Filter>Source Files\ui</Filter>
    </ClCompile>
    <ClCompile Include="source\ui\CUIList.cpp">
      <Filter>Source Files\ui</Filter>
    </ClCompile>
    <ClCompile Include="source\ui\CUIListItem.cpp">
      <Filter>Source Files\ui</Filter>
    </ClCompile>
    <ClCompile Include="source\ui\CUIManager.cpp">
      <Filter>Source Files\ui</Filter>
    </ClCompile>
    <ClCompile Include="source\ui\CUIMenu.cpp">
      <Filter>Source Files\ui</Filter>
    </ClCompile>
    <ClCompile Include="source\ui\CUISlider.cpp">
      <Filter>Source Files\ui</Filter>
    </ClCompile>
    <ClCompile Include="source\ui\CUITextIO.cpp">
      <Filter>Source Files\ui</Filter>
    </ClCompile>
  </ItemGroup>
  <ItemGroup>
    <ClInclude Include="source\CTimer.h">
      <Filter>Header Files</Filter>
    </ClInclude>
    <ClInclude Include="source\CVector2.h">
      <Filter>Header Files</Filter>
    </ClInclude>
    <ClInclude Include="source\CVector3.h">
      <Filter>Header Files</Filter>
    </ClInclude>
    <ClInclude Include="source\CVector4.h">
      <Filter>Header Files</Filter>
    </ClInclude>
    <ClInclude Include="source\error.h">
      <Filter>Header Files</Filter>
    </ClInclude>
    <ClInclude Include="source\MathTransform.h">
      <Filter>Header Files</Filter>
    </ClInclude>
    <ClInclude Include="source\Vectors.h">
      <Filter>Header Files</Filter>
    </ClInclude>
    <ClInclude Include="source\game\CTransform.h">
      <Filter>Header Files</Filter>
    </ClInclude>
    <ClInclude Include="source\helpers\CErrorBase.h">
      <Filter>Header Files</Filter>
    </ClInclude>
    <ClInclude Include="source\helpers\FileHelper.h">
      <Filter>Header Files</Filter>
    </ClInclude>
    <ClInclude Include="source\helpers\Helper.h">
      <Filter>Header Files</Filter>
    </ClInclude>
    <ClInclude Include="source\helpers\macro.h">
      <Filter>Header Files</Filter>
    </ClInclude>
    <ClInclude Include="source\helpers\MemoryHelper.h">
      <Filter>Header Files</Filter>
    </ClInclude>
    <ClInclude Include="source\helpers\StringHelper.h">
      <Filter>Header Files</Filter>
    </ClInclude>
    <ClInclude Include="source\interpreter\String.h">
      <Filter>Header Files</Filter>
    </ClInclude>
    <ClInclude Include="source\CDirectoryFileList.h">
      <Filter>Header Files</Filter>
    </ClInclude>
    <ClInclude Include="source\CFileContainer.h">
      <Filter>Header Files</Filter>
    </ClInclude>
    <ClInclude Include="source\CFont.h">
      <Filter>Header Files</Filter>
    </ClInclude>
    <ClInclude Include="source\CFontFileContainer.h">
      <Filter>Header Files</Filter>
    </ClInclude>
    <ClInclude Include="source\CImporter.h">
      <Filter>Header Files</Filter>
    </ClInclude>
    <ClInclude Include="source\CImporterBase.h">
      <Filter>Header Files</Filter>
    </ClInclude>
    <ClInclude Include="source\CLine.h">
      <Filter>Header Files</Filter>
    </ClInclude>
    <ClInclude Include="source\CLog.h">
      <Filter>Header Files</Filter>
    </ClInclude>
    <ClInclude Include="source\CResourceBank.h">
      <Filter>Header Files</Filter>
    </ClInclude>
    <ClInclude Include="source\CResourceList.h">
      <Filter>Header Files</Filter>
    </ClInclude>
    <ClInclude Include="source\CStringIDList.h">
      <Filter>Header Files</Filter>
    </ClInclude>
    <ClInclude Include="source\ui\CUI.h">
      <Filter>Header Files\ui</Filter>
    </ClInclude>
    <ClInclude Include="source\ui\CUICheckBox.h">
      <Filter>Header Files\ui</Filter>
    </ClInclude>
    <ClInclude Include="source\ui\CUIContainer.h">
      <Filter>Header Files\ui</Filter>
    </ClInclude>
    <ClInclude Include="source\ui\CUIControl.h">
      <Filter>Header Files\ui</Filter>
    </ClInclude>
    <ClInclude Include="source\ui\CUIList.h">
      <Filter>Header Files\ui</Filter>
    </ClInclude>
    <ClInclude Include="source\ui\CUIListItem.h">
      <Filter>Header Files\ui</Filter>
    </ClInclude>
    <ClInclude Include="source\ui\CUIManager.h">
      <Filter>Header Files\ui</Filter>
    </ClInclude>
    <ClInclude Include="source\ui\CUIMenu.h">
      <Filter>Header Files\ui</Filter>
    </ClInclude>
    <ClInclude Include="source\ui\CUISlider.h">
      <Filter>Header Files\ui</Filter>
    </ClInclude>
    <ClInclude Include="source\ui\CUIText.h">
      <Filter>Header Files\ui</Filter>
    </ClInclude>
    <ClInclude Include="source\ui\CUITextIO.h">
      <Filter>Header Files\ui</Filter>
    </ClInclude>
    <ClInclude Include="source\CApp.h">
      <Filter>Header Files\app</Filter>
    </ClInclude>
    <ClInclude Include="source\CAppErrDef.h">
      <Filter>Header Files\app</Filter>
    </ClInclude>
    <ClInclude Include="source\game\components\CComponentFactory.h">
      <Filter>Header Files\game</Filter>
    </ClInclude>
    <ClInclude Include="source\game\CComponent.h">
      <Filter>Header Files\game</Filter>
    </ClInclude>
    <ClInclude Include="source\CCollider.h">
      <Filter>Header Files\game</Filter>
    </ClInclude>
    <ClInclude Include="source\CD3DGraphics.h">
      <Filter>Header Files\graphics</Filter>
    </ClInclude>
    <ClInclude Include="source\CDXMesh.h">
      <Filter>Header Files\game</Filter>
    </ClInclude>
    <ClInclude Include="source\game\CGame.h">
      <Filter>Header Files\game</Filter>
    </ClInclude>
    <ClInclude Include="source\game\CGameCamera.h">
      <Filter>Header Files\game</Filter>
    </ClInclude>
    <ClInclude Include="source\game\CGameLight.h">
      <Filter>Header Files\game</Filter>
    </ClInclude>
    <ClInclude Include="source\game\CGameObject.h">
      <Filter>Header Files\game</Filter>
    </ClInclude>
    <ClInclude Include="source\game\CGameScene.h">
      <Filter>Header Files\game</Filter>
    </ClInclude>
    <ClInclude Include="source\CMeshData.h">
      <Filter>Header Files\game</Filter>
    </ClInclude>
    <ClInclude Include="source\CMeshImporter.h">
      <Filter>Header Files\game</Filter>
    </ClInclude>
    <ClInclude Include="source\CInput.h">
      <Filter>Header Files\input</Filter>
    </ClInclude>
    <ClInclude Include="source\input\CKeyboardInput.h">
      <Filter>Header Files\input</Filter>
    </ClInclude>
    <ClInclude Include="source\input\CMouseInput.h">
      <Filter>Header Files\input</Filter>
    </ClInclude>
    <ClInclude Include="source\input\CTouchInput.h">
      <Filter>Header Files\input</Filter>
    </ClInclude>
    <ClInclude Include="source\interpreter\CDebugLog.h">
      <Filter>Header Files\interpreter</Filter>
    </ClInclude>
    <ClInclude Include="source\interpreter\CCharacter.h">
      <Filter>Header Files\interpreter</Filter>
    </ClInclude>
    <ClInclude Include="source\CIO.h">
      <Filter>Header Files\input</Filter>
    </ClInclude>
    <ClInclude Include="source\COutput.h">
      <Filter>Header Files\input</Filter>
    </ClInclude>
    <ClInclude Include="source\interpreter\CToken.h">
      <Filter>Header Files\interpreter</Filter>
    </ClInclude>
    <ClInclude Include="source\CScriptCOMObject.h">
      <Filter>Header Files\interpreter</Filter>
    </ClInclude>
    <ClInclude Include="source\CScriptCOMRegistry.h">
      <Filter>Header Files\interpreter</Filter>
    </ClInclude>
    <ClInclude Include="source\interpreter\DataTypeDefinitions.h">
      <Filter>Header Files\interpreter</Filter>
    </ClInclude>
    <ClInclude Include="source\interpreter\ScriptLanguageDefinition.h">
      <Filter>Header Files\interpreter</Filter>
    </ClInclude>
    <ClInclude Include="source\interpreter\OperatorFunctions.h">
      <Filter>Header Files\interpreter</Filter>
    </ClInclude>
    <ClInclude Include="source\interpreter\ErrorDefinitions.h">
      <Filter>Header Files\interpreter</Filter>
    </ClInclude>
    <ClInclude Include="source\ErrorDefinitions.h">
      <Filter>Header Files\interpreter</Filter>
    </ClInclude>
    <ClInclude Include="source\CWindow.h">
      <Filter>Header Files\app</Filter>
    </ClInclude>
    <ClInclude Include="source\CSurface.h">
      <Filter>Header Files\graphics</Filter>
    </ClInclude>
    <ClInclude Include="source\CSprite.h">
      <Filter>Header Files\graphics</Filter>
    </ClInclude>
    <ClInclude Include="source\CTextRenderer.h">
      <Filter>Header Files\graphics</Filter>
    </ClInclude>
    <ClInclude Include="source\CTexture.h">
      <Filter>Header Files\graphics</Filter>
    </ClInclude>
    <ClInclude Include="source\CShaderNEW.h">
      <Filter>Header Files\graphics</Filter>
    </ClInclude>
    <ClInclude Include="source\CSystemSpriteRenderPipeline.h">
      <Filter>Header Files\graphics</Filter>
    </ClInclude>
  </ItemGroup>
</Project>