<?xml version="1.0" encoding="utf-8"?>
<Project ToolsVersion="4.0" xmlns="http://schemas.microsoft.com/developer/msbuild/2003">
  <ItemGroup>
    <Filter Include="Source Files">
      <UniqueIdentifier>{4FC737F1-C7A5-4376-A066-2A32D752A2FF}</UniqueIdentifier>
      <Extensions>cpp;c;cc;cxx;def;odl;idl;hpj;bat;asm;asmx</Extensions>
    </Filter>
    <Filter Include="Header Files">
      <UniqueIdentifier>{93995380-89BD-4b04-88EB-625FBE52EBFB}</UniqueIdentifier>
      <Extensions>h;hh;hpp;hxx;hm;inl;inc;xsd</Extensions>
    </Filter>
    <Filter Include="Resource Files">
      <UniqueIdentifier>{67DA6AB6-F800-4c08-8B7A-83BB121AAD01}</UniqueIdentifier>
      <Extensions>rc;ico;cur;bmp;dlg;rc2;rct;bin;rgs;gif;jpg;jpeg;jpe;resx;tiff;tif;png;wav;mfcribbon-ms</Extensions>
    </Filter>
    <Filter Include="Header Files\ui">
      <UniqueIdentifier>{561aabf0-028e-49cf-838e-7d0fa3d208bc}</UniqueIdentifier>
    </Filter>
    <Filter Include="Source Files\ui">
      <UniqueIdentifier>{f36b7eb6-6f08-4279-b606-42858d8f2d12}</UniqueIdentifier>
    </Filter>
    <Filter Include="Header Files\app">
      <UniqueIdentifier>{c19af60a-88f1-48ce-a2c8-6ff5c784b9d0}</UniqueIdentifier>
    </Filter>
    <Filter Include="Header Files\game">
      <UniqueIdentifier>{88547b15-e718-4c20-9aba-5c5146f2b540}</UniqueIdentifier>
    </Filter>
    <Filter Include="Header Files\input">
      <UniqueIdentifier>{c654c61b-cf4d-4f00-a50a-f4dce236106d}</UniqueIdentifier>
    </Filter>
    <Filter Include="Header Files\interpreter">
      <UniqueIdentifier>{4dd1e468-1eff-447c-b7f1-0af5587e3917}</UniqueIdentifier>
    </Filter>
    <Filter Include="Header Files\game\collision">
      <UniqueIdentifier>{a511d44f-d0b6-4cf9-ab6d-59315313749f}</UniqueIdentifier>
    </Filter>
    <Filter Include="Source Files\app">
      <UniqueIdentifier>{371378d6-4f40-4f78-b478-07585ce6b24a}</UniqueIdentifier>
    </Filter>
    <Filter Include="Source Files\graphics">
      <UniqueIdentifier>{5a4c54da-d7f1-4896-a654-388b66aa9d18}</UniqueIdentifier>
    </Filter>
    <Filter Include="Source Files\game">
      <UniqueIdentifier>{9807d89d-dd6e-47e9-b64d-11aa45c3b91e}</UniqueIdentifier>
    </Filter>
    <Filter Include="Source Files\interpreter">
      <UniqueIdentifier>{7b173299-7bd5-4ec3-80c4-c4a0f5dd3fbc}</UniqueIdentifier>
    </Filter>
    <Filter Include="Source Files\input">
      <UniqueIdentifier>{1098142d-00bb-4943-9993-1a297280546d}</UniqueIdentifier>
    </Filter>
    <Filter Include="Header Files\game\collision\Colliders">
      <UniqueIdentifier>{710a3fef-dd45-44c5-bb16-26eb0f060f8d}</UniqueIdentifier>
    </Filter>
    <Filter Include="Header Files\math">
      <UniqueIdentifier>{d657cd78-21c8-4490-a59b-8afa3c45f40a}</UniqueIdentifier>
    </Filter>
    <Filter Include="Source Files\math">
      <UniqueIdentifier>{8dc7853b-4f80-4580-92e4-5cd7e3128aee}</UniqueIdentifier>
    </Filter>
    <Filter Include="Source Files\game\collision">
      <UniqueIdentifier>{77d65b59-b48b-497f-85ba-c12a3d487b68}</UniqueIdentifier>
    </Filter>
    <Filter Include="Source Files\game\collision\colliders">
      <UniqueIdentifier>{66776737-be91-482f-b341-43e86eae56c5}</UniqueIdentifier>
    </Filter>
    <Filter Include="Header Files\game\collision\Colliders\Physics">
      <UniqueIdentifier>{6209964f-54ea-49e7-be8f-0938e7baed49}</UniqueIdentifier>
    </Filter>
    <Filter Include="Header Files\graphics">
      <UniqueIdentifier>{fc65164e-82b0-4b77-aaf6-fc3146853205}</UniqueIdentifier>
    </Filter>
  </ItemGroup>
  <ItemGroup>
    <ClCompile Include="source\CTimer.cpp">
      <Filter>Source Files</Filter>
    </ClCompile>
    <ClCompile Include="source\error.cpp">
      <Filter>Source Files</Filter>
    </ClCompile>
    <ClCompile Include="source\helpers\CErrorBase.cpp">
      <Filter>Source Files</Filter>
    </ClCompile>
    <ClCompile Include="source\helpers\FileHelper.cpp">
      <Filter>Source Files</Filter>
    </ClCompile>
    <ClCompile Include="source\helpers\MemoryHelper.cpp">
      <Filter>Source Files</Filter>
    </ClCompile>
    <ClCompile Include="source\helpers\StringHelper.cpp">
      <Filter>Source Files</Filter>
    </ClCompile>
    <ClCompile Include="source\input\CKeyboardInput.cpp">
      <Filter>Source Files</Filter>
    </ClCompile>
    <ClCompile Include="source\input\CMouseInput.cpp">
      <Filter>Source Files</Filter>
    </ClCompile>
    <ClCompile Include="source\input\CTouchInput.cpp">
      <Filter>Source Files</Filter>
    </ClCompile>
    <ClCompile Include="source\interpreter\ErrorHelper.cpp">
      <Filter>Source Files</Filter>
    </ClCompile>
    <ClCompile Include="source\CDirectoryFileList.cpp">
      <Filter>Source Files</Filter>
    </ClCompile>
    <ClCompile Include="source\CFileContainer.cpp">
      <Filter>Source Files</Filter>
    </ClCompile>
    <ClCompile Include="source\CFont.cpp">
      <Filter>Source Files</Filter>
    </ClCompile>
    <ClCompile Include="source\CFontFileContainer.cpp">
      <Filter>Source Files</Filter>
    </ClCompile>
    <ClCompile Include="source\CImporter.cpp">
      <Filter>Source Files</Filter>
    </ClCompile>
    <ClCompile Include="source\CImporterBase.cpp">
      <Filter>Source Files</Filter>
    </ClCompile>
    <ClCompile Include="source\CLog.cpp">
      <Filter>Source Files</Filter>
    </ClCompile>
    <ClCompile Include="source\CResourceBank.cpp">
      <Filter>Source Files</Filter>
    </ClCompile>
    <ClCompile Include="source\CStringIDList.cpp">
      <Filter>Source Files</Filter>
    </ClCompile>
    <ClCompile Include="source\ui\CUICheckBox.cpp">
      <Filter>Source Files\ui</Filter>
    </ClCompile>
    <ClCompile Include="source\ui\CUIContainer.cpp">
      <Filter>Source Files\ui</Filter>
    </ClCompile>
    <ClCompile Include="source\ui\CUIControl.cpp">
      <Filter>Source Files\ui</Filter>
    </ClCompile>
    <ClCompile Include="source\ui\CUIList.cpp">
      <Filter>Source Files\ui</Filter>
    </ClCompile>
    <ClCompile Include="source\ui\CUIListItem.cpp">
      <Filter>Source Files\ui</Filter>
    </ClCompile>
    <ClCompile Include="source\ui\CUIManager.cpp">
      <Filter>Source Files\ui</Filter>
    </ClCompile>
    <ClCompile Include="source\ui\CUIMenu.cpp">
      <Filter>Source Files\ui</Filter>
    </ClCompile>
    <ClCompile Include="source\ui\CUISlider.cpp">
      <Filter>Source Files\ui</Filter>
    </ClCompile>
    <ClCompile Include="source\ui\CUITextIO.cpp">
      <Filter>Source Files\ui</Filter>
    </ClCompile>
    <ClCompile Include="source\CApp.cpp">
      <Filter>Source Files\app</Filter>
    </ClCompile>
    <ClCompile Include="source\interpreter\CCharacter.cpp">
      <Filter>Source Files\interpreter</Filter>
    </ClCompile>
    <ClCompile Include="source\game\CComponent.cpp">
      <Filter>Source Files\game</Filter>
    </ClCompile>
    <ClCompile Include="source\game\components\CComponentFactory.cpp">
      <Filter>Source Files\game</Filter>
    </ClCompile>
    <ClCompile Include="source\CD3DGraphics.cpp">
      <Filter>Source Files\graphics</Filter>
    </ClCompile>
    <ClCompile Include="source\game\CGame.cpp">
      <Filter>Source Files\game</Filter>
    </ClCompile>
    <ClCompile Include="source\game\CGameCamera.cpp">
      <Filter>Source Files\game</Filter>
    </ClCompile>
    <ClCompile Include="source\game\CGameLight.cpp">
      <Filter>Source Files\game</Filter>
    </ClCompile>
    <ClCompile Include="source\game\CGameObject.cpp">
      <Filter>Source Files\game</Filter>
    </ClCompile>
    <ClCompile Include="source\game\CGameScene.cpp">
      <Filter>Source Files\game</Filter>
    </ClCompile>
    <ClCompile Include="source\CInput.cpp">
      <Filter>Source Files\input</Filter>
    </ClCompile>
    <ClCompile Include="source\CIO.cpp">
      <Filter>Source Files\input</Filter>
    </ClCompile>
    <ClCompile Include="source\COutput.cpp">
      <Filter>Source Files\input</Filter>
    </ClCompile>
    <ClCompile Include="source\CMeshImporter.cpp">
      <Filter>Source Files\game</Filter>
    </ClCompile>
    <ClCompile Include="source\CMeshData.cpp">
      <Filter>Source Files\game</Filter>
    </ClCompile>
    <ClCompile Include="source\CDXMesh.cpp">
      <Filter>Source Files\game</Filter>
    </ClCompile>
    <ClCompile Include="source\CShaderNEW.cpp">
      <Filter>Source Files\graphics</Filter>
    </ClCompile>
    <ClCompile Include="source\CSprite.cpp">
      <Filter>Source Files\graphics</Filter>
    </ClCompile>
    <ClCompile Include="source\CSurface.cpp">
      <Filter>Source Files\graphics</Filter>
    </ClCompile>
    <ClCompile Include="source\CTexture.cpp">
      <Filter>Source Files\graphics</Filter>
    </ClCompile>
    <ClCompile Include="source\CTextRenderer.cpp">
      <Filter>Source Files\graphics</Filter>
    </ClCompile>
    <ClCompile Include="source\CSystemSpriteRenderPipeline.cpp">
      <Filter>Source Files\graphics</Filter>
    </ClCompile>
    <ClCompile Include="source\interpreter\CToken.cpp">
      <Filter>Source Files\interpreter</Filter>
    </ClCompile>
    <ClCompile Include="source\CScriptCOMRegistry.cpp">
      <Filter>Source Files\interpreter</Filter>
    </ClCompile>
    <ClCompile Include="source\CScriptCOMObject.cpp">
      <Filter>Source Files\interpreter</Filter>
    </ClCompile>
    <ClCompile Include="source\interpreter\OperatorFunctions.cpp">
      <Filter>Source Files\interpreter</Filter>
    </ClCompile>
    <ClCompile Include="source\interpreter\String.cpp">
      <Filter>Source Files\interpreter</Filter>
    </ClCompile>
    <ClCompile Include="source\interpreter\LanguageDefinitionHelper.cpp">
      <Filter>Source Files\interpreter</Filter>
    </ClCompile>
    <ClCompile Include="source\CWindow.cpp">
      <Filter>Source Files\app</Filter>
    </ClCompile>
    <ClCompile Include="source\CVector2.cpp">
      <Filter>Source Files\math</Filter>
    </ClCompile>
    <ClCompile Include="source\CVector3.cpp">
      <Filter>Source Files\math</Filter>
    </ClCompile>
    <ClCompile Include="source\CVector4.cpp">
      <Filter>Source Files\math</Filter>
    </ClCompile>
    <ClCompile Include="source\MathTransform.cpp">
      <Filter>Source Files\math</Filter>
    </ClCompile>
    <ClCompile Include="source\game\collision\CCollisionEngine.cpp">
      <Filter>Source Files\game\collision</Filter>
    </ClCompile>
    <ClCompile Include="source\game\collision\CColliderAABB.cpp">
      <Filter>Source Files\game\collision\colliders</Filter>
    </ClCompile>
    <ClCompile Include="source\game\collision\CColliderBase.cpp">
      <Filter>Source Files\game\collision\colliders</Filter>
    </ClCompile>
    <ClCompile Include="source\game\collision\CColliderSphere.cpp">
      <Filter>Source Files\game\collision\colliders</Filter>
    </ClCompile>
    <ClCompile Include="source\game\collision\CColliderTriangle.cpp">
      <Filter>Source Files\game\collision\colliders</Filter>
    </ClCompile>
    <ClCompile Include="source\interpreter\CDebugLog.cpp">
      <Filter>Source Files\interpreter</Filter>
    </ClCompile>
    <ClCompile Include="source\C3DPlane.cpp">
      <Filter>Source Files\math</Filter>
    </ClCompile>
    <ClCompile Include="source\game\collision\CColliderMesh.cpp">
      <Filter>Source Files\game\collision\colliders</Filter>
    </ClCompile>
  </ItemGroup>
  <ItemGroup>
    <ClInclude Include="source\CTimer.h">
      <Filter>Header Files</Filter>
    </ClInclude>
    <ClInclude Include="source\error.h">
      <Filter>Header Files</Filter>
    </ClInclude>
    <ClInclude Include="source\game\CTransform.h">
      <Filter>Header Files</Filter>
    </ClInclude>
    <ClInclude Include="source\helpers\CErrorBase.h">
      <Filter>Header Files</Filter>
    </ClInclude>
    <ClInclude Include="source\helpers\FileHelper.h">
      <Filter>Header Files</Filter>
    </ClInclude>
    <ClInclude Include="source\helpers\Helper.h">
      <Filter>Header Files</Filter>
    </ClInclude>
    <ClInclude Include="source\helpers\macro.h">
      <Filter>Header Files</Filter>
    </ClInclude>
    <ClInclude Include="source\helpers\MemoryHelper.h">
      <Filter>Header Files</Filter>
    </ClInclude>
    <ClInclude Include="source\helpers\StringHelper.h">
      <Filter>Header Files</Filter>
    </ClInclude>
    <ClInclude Include="source\interpreter\String.h">
      <Filter>Header Files</Filter>
    </ClInclude>
    <ClInclude Include="source\CDirectoryFileList.h">
      <Filter>Header Files</Filter>
    </ClInclude>
    <ClInclude Include="source\CFileContainer.h">
      <Filter>Header Files</Filter>
    </ClInclude>
    <ClInclude Include="source\CFont.h">
      <Filter>Header Files</Filter>
    </ClInclude>
    <ClInclude Include="source\CFontFileContainer.h">
      <Filter>Header Files</Filter>
    </ClInclude>
    <ClInclude Include="source\CImporter.h">
      <Filter>Header Files</Filter>
    </ClInclude>
    <ClInclude Include="source\CImporterBase.h">
      <Filter>Header Files</Filter>
    </ClInclude>
    <ClInclude Include="source\CLog.h">
      <Filter>Header Files</Filter>
    </ClInclude>
    <ClInclude Include="source\CResourceBank.h">
      <Filter>Header Files</Filter>
    </ClInclude>
    <ClInclude Include="source\CResourceList.h">
      <Filter>Header Files</Filter>
    </ClInclude>
    <ClInclude Include="source\CStringIDList.h">
      <Filter>Header Files</Filter>
    </ClInclude>
    <ClInclude Include="source\ui\CUI.h">
      <Filter>Header Files\ui</Filter>
    </ClInclude>
    <ClInclude Include="source\ui\CUICheckBox.h">
      <Filter>Header Files\ui</Filter>
    </ClInclude>
    <ClInclude Include="source\ui\CUIContainer.h">
      <Filter>Header Files\ui</Filter>
    </ClInclude>
    <ClInclude Include="source\ui\CUIControl.h">
      <Filter>Header Files\ui</Filter>
    </ClInclude>
    <ClInclude Include="source\ui\CUIList.h">
      <Filter>Header Files\ui</Filter>
    </ClInclude>
    <ClInclude Include="source\ui\CUIListItem.h">
      <Filter>Header Files\ui</Filter>
    </ClInclude>
    <ClInclude Include="source\ui\CUIManager.h">
      <Filter>Header Files\ui</Filter>
    </ClInclude>
    <ClInclude Include="source\ui\CUIMenu.h">
      <Filter>Header Files\ui</Filter>
    </ClInclude>
    <ClInclude Include="source\ui\CUISlider.h">
      <Filter>Header Files\ui</Filter>
    </ClInclude>
    <ClInclude Include="source\ui\CUIText.h">
      <Filter>Header Files\ui</Filter>
    </ClInclude>
    <ClInclude Include="source\ui\CUITextIO.h">
      <Filter>Header Files\ui</Filter>
    </ClInclude>
    <ClInclude Include="source\CApp.h">
      <Filter>Header Files\app</Filter>
    </ClInclude>
    <ClInclude Include="source\CAppErrDef.h">
      <Filter>Header Files\app</Filter>
    </ClInclude>
    <ClInclude Include="source\game\components\CComponentFactory.h">
      <Filter>Header Files\game</Filter>
    </ClInclude>
    <ClInclude Include="source\game\CComponent.h">
      <Filter>Header Files\game</Filter>
    </ClInclude>
    <ClInclude Include="source\CD3DGraphics.h">
      <Filter>Header Files\graphics</Filter>
    </ClInclude>
    <ClInclude Include="source\CDXMesh.h">
      <Filter>Header Files\game</Filter>
    </ClInclude>
    <ClInclude Include="source\game\CGame.h">
      <Filter>Header Files\game</Filter>
    </ClInclude>
    <ClInclude Include="source\game\CGameCamera.h">
      <Filter>Header Files\game</Filter>
    </ClInclude>
    <ClInclude Include="source\game\CGameLight.h">
      <Filter>Header Files\game</Filter>
    </ClInclude>
    <ClInclude Include="source\game\CGameObject.h">
      <Filter>Header Files\game</Filter>
    </ClInclude>
    <ClInclude Include="source\game\CGameScene.h">
      <Filter>Header Files\game</Filter>
    </ClInclude>
    <ClInclude Include="source\CMeshData.h">
      <Filter>Header Files\game</Filter>
    </ClInclude>
    <ClInclude Include="source\CMeshImporter.h">
      <Filter>Header Files\game</Filter>
    </ClInclude>
    <ClInclude Include="source\CInput.h">
      <Filter>Header Files\input</Filter>
    </ClInclude>
    <ClInclude Include="source\input\CKeyboardInput.h">
      <Filter>Header Files\input</Filter>
    </ClInclude>
    <ClInclude Include="source\input\CMouseInput.h">
      <Filter>Header Files\input</Filter>
    </ClInclude>
    <ClInclude Include="source\input\CTouchInput.h">
      <Filter>Header Files\input</Filter>
    </ClInclude>
    <ClInclude Include="source\interpreter\CDebugLog.h">
      <Filter>Header Files\interpreter</Filter>
    </ClInclude>
    <ClInclude Include="source\interpreter\CCharacter.h">
      <Filter>Header Files\interpreter</Filter>
    </ClInclude>
    <ClInclude Include="source\CIO.h">
      <Filter>Header Files\input</Filter>
    </ClInclude>
    <ClInclude Include="source\COutput.h">
      <Filter>Header Files\input</Filter>
    </ClInclude>
    <ClInclude Include="source\interpreter\CToken.h">
      <Filter>Header Files\interpreter</Filter>
    </ClInclude>
    <ClInclude Include="source\CScriptCOMObject.h">
      <Filter>Header Files\interpreter</Filter>
    </ClInclude>
    <ClInclude Include="source\CScriptCOMRegistry.h">
      <Filter>Header Files\interpreter</Filter>
    </ClInclude>
    <ClInclude Include="source\interpreter\DataTypeDefinitions.h">
      <Filter>Header Files\interpreter</Filter>
    </ClInclude>
    <ClInclude Include="source\interpreter\ScriptLanguageDefinition.h">
      <Filter>Header Files\interpreter</Filter>
    </ClInclude>
    <ClInclude Include="source\interpreter\OperatorFunctions.h">
      <Filter>Header Files\interpreter</Filter>
    </ClInclude>
    <ClInclude Include="source\interpreter\ErrorDefinitions.h">
      <Filter>Header Files\interpreter</Filter>
    </ClInclude>
    <ClInclude Include="source\ErrorDefinitions.h">
      <Filter>Header Files\interpreter</Filter>
    </ClInclude>
    <ClInclude Include="source\CWindow.h">
      <Filter>Header Files\app</Filter>
    </ClInclude>
    <ClInclude Include="source\CSurface.h">
      <Filter>Header Files\graphics</Filter>
    </ClInclude>
    <ClInclude Include="source\CSprite.h">
      <Filter>Header Files\graphics</Filter>
    </ClInclude>
    <ClInclude Include="source\CTextRenderer.h">
      <Filter>Header Files\graphics</Filter>
    </ClInclude>
    <ClInclude Include="source\CTexture.h">
      <Filter>Header Files\graphics</Filter>
    </ClInclude>
    <ClInclude Include="source\CShaderNEW.h">
      <Filter>Header Files\graphics</Filter>
    </ClInclude>
    <ClInclude Include="source\CSystemSpriteRenderPipeline.h">
      <Filter>Header Files\graphics</Filter>
    </ClInclude>
    <ClInclude Include="source\game\collision\CCollisionEngine.h">
      <Filter>Header Files\game\collision</Filter>
    </ClInclude>
    <ClInclude Include="source\game\collision\CPhysicsBody.h">
      <Filter>Header Files\game\collision\Colliders\Physics</Filter>
    </ClInclude>
    <ClInclude Include="source\game\collision\CPhysicsEngine.h">
      <Filter>Header Files\game\collision</Filter>
    </ClInclude>
    <ClInclude Include="source\game\collision\CColliderBase.h">
      <Filter>Header Files\game\collision\Colliders</Filter>
    </ClInclude>
    <ClInclude Include="source\game\collision\CColliderAABB.h">
      <Filter>Header Files\game\collision\Colliders</Filter>
    </ClInclude>
    <ClInclude Include="source\CLine.h">
      <Filter>Header Files\math</Filter>
    </ClInclude>
    <ClInclude Include="source\CVector2.h">
      <Filter>Header Files\math</Filter>
    </ClInclude>
    <ClInclude Include="source\CVector3.h">
      <Filter>Header Files\math</Filter>
    </ClInclude>
    <ClInclude Include="source\CVector4.h">
      <Filter>Header Files\math</Filter>
    </ClInclude>
    <ClInclude Include="source\Vectors.h">
      <Filter>Header Files\math</Filter>
    </ClInclude>
    <ClInclude Include="source\MathTransform.h">
      <Filter>Header Files\math</Filter>
    </ClInclude>
    <ClInclude Include="source\C3DPlane.h">
      <Filter>Header Files\math</Filter>
    </ClInclude>
    <ClInclude Include="source\game\collision\CColliderSphere.h">
      <Filter>Header Files\game\collision\Colliders</Filter>
    </ClInclude>
    <ClInclude Include="source\game\collision\CColliderTriangle.h">
      <Filter>Header Files\game\collision\Colliders</Filter>
    </ClInclude>
    <ClInclude Include="source\game\collision\CColliderMesh.h">
      <Filter>Header Files\game\collision\Colliders</Filter>
    </ClInclude>
  </ItemGroup>
</Project>